
Microsoft Visual Studio Solution File, Format Version 12.00
# Visual Studio Version 17
VisualStudioVersion = 17.9.34714.143
MinimumVisualStudioVersion = 10.0.40219.1
Project("{FAE04EC0-301F-11D3-BF4B-00C04F79EFBC}") = "ProductAPI", "ProductAPI\ProductAPI.csproj", "{D850B85A-0D67-42ED-8C35-5A1AAFD25ED5}"
EndProject
Project("{FAE04EC0-301F-11D3-BF4B-00C04F79EFBC}") = "CategoryAPI", "CategoryAPI\CategoryAPI.csproj", "{D3C07A60-FA35-4A46-80E0-C0D1F697C256}"
EndProject
Project("{FAE04EC0-301F-11D3-BF4B-00C04F79EFBC}") = "AuthAPI", "AuthAPI\AuthAPI.csproj", "{96D6FFC3-C725-4BE3-85DF-72323D500CBD}"
EndProject
Global
	GlobalSection(SolutionConfigurationPlatforms) = preSolution
		Debug|Any CPU = Debug|Any CPU
		Release|Any CPU = Release|Any CPU
	EndGlobalSection
	GlobalSection(ProjectConfigurationPlatforms) = postSolution
		{D850B85A-0D67-42ED-8C35-5A1AAFD25ED5}.Debug|Any CPU.ActiveCfg = Debug|Any CPU
		{D850B85A-0D67-42ED-8C35-5A1AAFD25ED5}.Debug|Any CPU.Build.0 = Debug|Any CPU
		{D850B85A-0D67-42ED-8C35-5A1AAFD25ED5}.Release|Any CPU.ActiveCfg = Release|Any CPU
		{D850B85A-0D67-42ED-8C35-5A1AAFD25ED5}.Release|Any CPU.Build.0 = Release|Any CPU
		{D3C07A60-FA35-4A46-80E0-C0D1F697C256}.Debug|Any CPU.ActiveCfg = Debug|Any CPU
		{D3C07A60-FA35-4A46-80E0-C0D1F697C256}.Debug|Any CPU.Build.0 = Debug|Any CPU
		{D3C07A60-FA35-4A46-80E0-C0D1F697C256}.Release|Any CPU.ActiveCfg = Release|Any CPU
		{D3C07A60-FA35-4A46-80E0-C0D1F697C256}.Release|Any CPU.Build.0 = Release|Any CPU
		{96D6FFC3-C725-4BE3-85DF-72323D500CBD}.Debug|Any CPU.ActiveCfg = Debug|Any CPU
		{96D6FFC3-C725-4BE3-85DF-72323D500CBD}.Debug|Any CPU.Build.0 = Debug|Any CPU
		{96D6FFC3-C725-4BE3-85DF-72323D500CBD}.Release|Any CPU.ActiveCfg = Release|Any CPU
		{96D6FFC3-C725-4BE3-85DF-72323D500CBD}.Release|Any CPU.Build.0 = Release|Any CPU
	EndGlobalSection
	GlobalSection(SolutionProperties) = preSolution
		HideSolutionNode = FALSE
	EndGlobalSection
	GlobalSection(ExtensibilityGlobals) = postSolution
		SolutionGuid = {7A6AFD7C-4208-4107-9589-A61008E5F1B9}
	EndGlobalSection
EndGlobal
